
Microsoft Visual Studio Solution File, Format Version 12.00
# Visual Studio Version 17
VisualStudioVersion = 17.3.32929.385
MinimumVisualStudioVersion = 10.0.40219.1
Project("{FAE04EC0-301F-11D3-BF4B-00C04F79EFBC}") = "W1Webapp", "W1Webapp.csproj", "{2D1845CD-964B-46DA-9CB4-F874E7CF0C4B}"
EndProject
Global
	GlobalSection(SolutionConfigurationPlatforms) = preSolution
		Debug|Any CPU = Debug|Any CPU
		Release|Any CPU = Release|Any CPU
	EndGlobalSection
	GlobalSection(ProjectConfigurationPlatforms) = postSolution
		{2D1845CD-964B-46DA-9CB4-F874E7CF0C4B}.Debug|Any CPU.ActiveCfg = Debug|Any CPU
		{2D1845CD-964B-46DA-9CB4-F874E7CF0C4B}.Debug|Any CPU.Build.0 = Debug|Any CPU
		{2D1845CD-964B-46DA-9CB4-F874E7CF0C4B}.Release|Any CPU.ActiveCfg = Release|Any CPU
		{2D1845CD-964B-46DA-9CB4-F874E7CF0C4B}.Release|Any CPU.Build.0 = Release|Any CPU
	EndGlobalSection
	GlobalSection(SolutionProperties) = preSolution
		HideSolutionNode = FALSE
	EndGlobalSection
	GlobalSection(ExtensibilityGlobals) = postSolution
		SolutionGuid = {51061FE2-61B1-4999-ABC2-A3B27ECCF741}
	EndGlobalSection
EndGlobal
